
Microsoft Visual Studio Solution File, Format Version 12.00
# Visual Studio 15
VisualStudioVersion = 15.0.28307.1622
MinimumVisualStudioVersion = 10.0.40219.1
Project("{FAE04EC0-301F-11D3-BF4B-00C04F79EFBC}") = "palindrome1", "palindrome1\palindrome1.csproj", "{F40A5081-AAA3-4D94-ACB2-9E264DDB8D18}"
EndProject
Global
	GlobalSection(SolutionConfigurationPlatforms) = preSolution
		Debug|Any CPU = Debug|Any CPU
		Release|Any CPU = Release|Any CPU
	EndGlobalSection
	GlobalSection(ProjectConfigurationPlatforms) = postSolution
		{F40A5081-AAA3-4D94-ACB2-9E264DDB8D18}.Debug|Any CPU.ActiveCfg = Debug|Any CPU
		{F40A5081-AAA3-4D94-ACB2-9E264DDB8D18}.Debug|Any CPU.Build.0 = Debug|Any CPU
		{F40A5081-AAA3-4D94-ACB2-9E264DDB8D18}.Release|Any CPU.ActiveCfg = Release|Any CPU
		{F40A5081-AAA3-4D94-ACB2-9E264DDB8D18}.Release|Any CPU.Build.0 = Release|Any CPU
	EndGlobalSection
	GlobalSection(SolutionProperties) = preSolution
		HideSolutionNode = FALSE
	EndGlobalSection
	GlobalSection(ExtensibilityGlobals) = postSolution
		SolutionGuid = {55D2B65B-A994-4C11-AA86-876889E8F6DD}
	EndGlobalSection
EndGlobal
